
Microsoft Visual Studio Solution File, Format Version 12.00
# Visual Studio Version 17
VisualStudioVersion = 17.0.31919.166
MinimumVisualStudioVersion = 10.0.40219.1
Project("{FAE04EC0-301F-11D3-BF4B-00C04F79EFBC}") = "zImSkillz's Toolbox", "zImSkillz's Toolbox\zImSkillz's Toolbox.csproj", "{FE1BBD0C-B37D-4223-AF6F-34908985D239}"
EndProject
Global
	GlobalSection(SolutionConfigurationPlatforms) = preSolution
		Debug|Any CPU = Debug|Any CPU
		Release|Any CPU = Release|Any CPU
	EndGlobalSection
	GlobalSection(ProjectConfigurationPlatforms) = postSolution
		{FE1BBD0C-B37D-4223-AF6F-34908985D239}.Debug|Any CPU.ActiveCfg = Debug|Any CPU
		{FE1BBD0C-B37D-4223-AF6F-34908985D239}.Debug|Any CPU.Build.0 = Debug|Any CPU
		{FE1BBD0C-B37D-4223-AF6F-34908985D239}.Release|Any CPU.ActiveCfg = Release|Any CPU
		{FE1BBD0C-B37D-4223-AF6F-34908985D239}.Release|Any CPU.Build.0 = Release|Any CPU
	EndGlobalSection
	GlobalSection(SolutionProperties) = preSolution
		HideSolutionNode = FALSE
	EndGlobalSection
	GlobalSection(ExtensibilityGlobals) = postSolution
		SolutionGuid = {87F0829A-7B69-436E-AC8B-F7861E22A1D8}
	EndGlobalSection
EndGlobal
